{
  "name": "react-redux-bootstrap-webpack-starter",
  "version": "8.0.0",
  "lockfileVersion": 2,
  "requires": true,
  "packages": {
    "": {
      "name": "react-redux-bootstrap-webpack-starter",
      "version": "8.0.0",
      "license": "ISC",
      "engines": {
        "node": ">=16",
        "npm": ">=8.0.0"
      }
    }
  }
}
